<?xml version="1.0" encoding="utf-8"?>
<Project ToolsVersion="4.0" xmlns="http://schemas.microsoft.com/developer/msbuild/2003">
  <ItemGroup>
    <ClInclude Include="..\efi\bootservices.h" />
    <ClInclude Include="..\efi\configtable.h" />
    <ClInclude Include="..\efi\protocols.h" />
    <ClInclude Include="..\efi\runtimeservices.h" />
    <ClInclude Include="..\efi\systemtable.h" />
    <ClInclude Include="..\efi\types.h" />
    <ClInclude Include="..\efi\bootservices\event.h">
      <Filter>bootservices</Filter>
    </ClInclude>
    <ClInclude Include="..\efi\bootservices\image.h">
      <Filter>bootservices</Filter>
    </ClInclude>
    <ClInclude Include="..\efi\bootservices\memory.h">
      <Filter>bootservices</Filter>
    </ClInclude>
    <ClInclude Include="..\efi\bootservices\misc.h">
      <Filter>bootservices</Filter>
    </ClInclude>
    <ClInclude Include="..\efi\bootservices\protocol.h">
      <Filter>bootservices</Filter>
    </ClInclude>
    <ClInclude Include="..\efi\bootservices\tpl.h">
      <Filter>bootservices</Filter>
    </ClInclude>
    <ClInclude Include="..\efi\protocols\console.h">
      <Filter>protocols</Filter>
    </ClInclude>
    <ClInclude Include="..\efi\protocols\devicepath.h">
      <Filter>protocols</Filter>
    </ClInclude>
    <ClInclude Include="..\efi\protocols\loadedimage.h">
      <Filter>protocols</Filter>
    </ClInclude>
    <ClInclude Include="..\efi\protocols\console\abspointer.h">
      <Filter>protocols\console</Filter>
    </ClInclude>
    <ClInclude Include="..\efi\protocols\console\common.h">
      <Filter>protocols\console</Filter>
    </ClInclude>
    <ClInclude Include="..\efi\protocols\console\gop.h">
      <Filter>protocols\console</Filter>
    </ClInclude>
    <ClInclude Include="..\efi\protocols\console\serial.h">
      <Filter>protocols\console</Filter>
    </ClInclude>
    <ClInclude Include="..\efi\protocols\console\simplepointer.h">
      <Filter>protocols\console</Filter>
    </ClInclude>
    <ClInclude Include="..\efi\protocols\console\simpletextinput.h">
      <Filter>protocols\console</Filter>
    </ClInclude>
    <ClInclude Include="..\efi\protocols\console\simpletextinputex.h">
      <Filter>protocols\console</Filter>
    </ClInclude>
    <ClInclude Include="..\efi\protocols\console\simpletextoutput.h">
      <Filter>protocols\console</Filter>
    </ClInclude>
    <ClInclude Include="..\efi\runtimeservices\capsule.h">
      <Filter>runtimeservices</Filter>
    </ClInclude>
    <ClInclude Include="..\efi\runtimeservices\memory.h">
      <Filter>runtimeservices</Filter>
    </ClInclude>
    <ClInclude Include="..\efi\runtimeservices\misc.h">
      <Filter>runtimeservices</Filter>
    </ClInclude>
    <ClInclude Include="..\efi\runtimeservices\time.h">
      <Filter>runtimeservices</Filter>
    </ClInclude>
    <ClInclude Include="..\efi\runtimeservices\variable.h">
      <Filter>runtimeservices</Filter>
    </ClInclude>
    <ClInclude Include="..\efi.h" />
    <ClInclude Include="..\efi\protocols\drivermodel.h">
      <Filter>protocols</Filter>
    </ClInclude>
    <ClInclude Include="..\efi\protocols\drivermodel\binding.h">
      <Filter>protocols\drivermodel</Filter>
    </ClInclude>
    <ClInclude Include="..\efi\protocols\drivermodel\override.h">
      <Filter>protocols\drivermodel</Filter>
    </ClInclude>
    <ClInclude Include="..\efi\protocols\drivermodel\diagnostics.h">
      <Filter>protocols\drivermodel</Filter>
    </ClInclude>
    <ClInclude Include="..\efi\protocols\drivermodel\componentname.h">
      <Filter>protocols\drivermodel</Filter>
    </ClInclude>
    <ClInclude Include="..\efi\protocols\drivermodel\p2dc.h">
      <Filter>protocols\drivermodel</Filter>
    </ClInclude>
    <ClInclude Include="..\efi\protocols\drivermodel\supportedefiver.h">
      <Filter>protocols\drivermodel</Filter>
    </ClInclude>
    <ClInclude Include="..\efi\protocols\drivermodel\driverhealth.h">
      <Filter>protocols\drivermodel</Filter>
    </ClInclude>
    <ClInclude Include="..\efi\protocols\drivermodel\adapterinfo.h">
      <Filter>protocols\drivermodel</Filter>
    </ClInclude>
    <ClInclude Include="..\efi\protocols\media\loadfile.h">
      <Filter>protocols\media</Filter>
    </ClInclude>
    <ClInclude Include="..\efi\protocols\media\simplefs.h">
      <Filter>protocols\media</Filter>
    </ClInclude>
    <ClInclude Include="..\efi\protocols\media\file.h">
      <Filter>protocols\media</Filter>
    </ClInclude>
    <ClInclude Include="..\efi\protocols\media\tape.h">
      <Filter>protocols\media</Filter>
    </ClInclude>
    <ClInclude Include="..\efi\protocols\media\diskio.h">
      <Filter>protocols\media</Filter>
    </ClInclude>
    <ClInclude Include="..\efi\protocols\media\blockio.h">
      <Filter>protocols\media</Filter>
    </ClInclude>
    <ClInclude Include="..\efi\protocols\media\crypto.h">
      <Filter>protocols\media</Filter>
    </ClInclude>
    <ClInclude Include="..\efi\protocols\media\eraseblock.h">
      <Filter>protocols\media</Filter>
    </ClInclude>
    <ClInclude Include="..\efi\protocols\media\atapassthrough.h">
      <Filter>protocols\media</Filter>
    </ClInclude>
    <ClInclude Include="..\efi\protocols\media\ssc.h">
      <Filter>protocols\media</Filter>
    </ClInclude>
    <ClInclude Include="..\efi\protocols\media\nvmepassthrough.h">
      <Filter>protocols\media</Filter>
    </ClInclude>
    <ClInclude Include="..\efi\protocols\media\sdpassthrough.h">
      <Filter>protocols\media</Filter>
    </ClInclude>
    <ClInclude Include="..\efi\protocols\media\ramdisk.h">
      <Filter>protocols\media</Filter>
    </ClInclude>
    <ClInclude Include="..\efi\protocols\media\partinfo.h">
      <Filter>protocols\media</Filter>
    </ClInclude>
    <ClInclude Include="..\efi\protocols\media\nvdimm.h">
      <Filter>protocols\media</Filter>
    </ClInclude>
    <ClInclude Include="..\efi\protocols\media\ufs.h">
      <Filter>protocols\media</Filter>
    </ClInclude>
    <ClInclude Include="..\efi\protocols\media.h">
      <Filter>protocols</Filter>
    </ClInclude>
    <ClInclude Include="..\efi\protocols\pcibus.h">
      <Filter>protocols</Filter>
    </ClInclude>
    <ClInclude Include="..\efi\protocols\scsi.h">
      <Filter>protocols</Filter>
    </ClInclude>
    <ClInclude Include="..\efi\protocols\iscsi.h">
      <Filter>protocols</Filter>
    </ClInclude>
    <ClInclude Include="..\efi\protocols\usb.h">
      <Filter>protocols</Filter>
    </ClInclude>
    <ClInclude Include="..\efi\protocols\debugger.h">
      <Filter>protocols</Filter>
    </ClInclude>
    <ClInclude Include="..\efi\protocols\decompress.h">
      <Filter>protocols</Filter>
    </ClInclude>
    <ClInclude Include="..\efi\protocols\acpi.h">
      <Filter>protocols</Filter>
    </ClInclude>
    <ClInclude Include="..\efi\protocols\stringservices.h">
      <Filter>protocols</Filter>
    </ClInclude>
    <ClInclude Include="..\efi\protocols\ebc.h">
      <Filter>protocols</Filter>
    </ClInclude>
    <ClInclude Include="..\efi\protocols\fwmgmt.h">
      <Filter>protocols</Filter>
    </ClInclude>
    <ClInclude Include="..\efi\protocols\authinfo.h">
      <Filter>protocols</Filter>
    </ClInclude>
    <ClInclude Include="..\efi\status.h" />
    <ClInclude Include="..\efi\protocols\network.h">
      <Filter>protocols</Filter>
    </ClInclude>
    <ClInclude Include="..\efi\protocols\network\snp.h">
      <Filter>protocols\network</Filter>
    </ClInclude>
    <ClInclude Include="..\efi\protocols\network\niip.h">
      <Filter>protocols\network</Filter>
    </ClInclude>
    <ClInclude Include="..\efi\protocols\network\pxe.h">
      <Filter>protocols\network</Filter>
    </ClInclude>
    <ClInclude Include="..\efi\protocols\network\bis.h">
      <Filter>protocols\network</Filter>
    </ClInclude>
    <ClInclude Include="..\efi\protocols\network\httpbootcb.h">
      <Filter>protocols\network</Filter>
    </ClInclude>
    <ClInclude Include="..\efi\protocols\network\managed.h">
      <Filter>protocols\network</Filter>
    </ClInclude>
    <ClInclude Include="..\efi\protocols\network\bluetooth.h">
      <Filter>protocols\network</Filter>
    </ClInclude>
    <ClInclude Include="..\efi\protocols\network\vlan.h">
      <Filter>protocols\network</Filter>
    </ClInclude>
    <ClInclude Include="..\efi\protocols\network\eap.h">
      <Filter>protocols\network</Filter>
    </ClInclude>
    <ClInclude Include="..\efi\protocols\network\wifi.h">
      <Filter>protocols\network</Filter>
    </ClInclude>
    <ClInclude Include="..\efi\protocols\network\supplicant.h">
      <Filter>protocols\network</Filter>
    </ClInclude>
    <ClInclude Include="..\efi\protocols\network\tcp.h">
      <Filter>protocols\network</Filter>
    </ClInclude>
    <ClInclude Include="..\efi\protocols\network\ip.h">
      <Filter>protocols\network</Filter>
    </ClInclude>
    <ClInclude Include="..\efi\protocols\network\ipsec.h">
      <Filter>protocols\network</Filter>
    </ClInclude>
    <ClInclude Include="..\efi\protocols\network\ftp.h">
      <Filter>protocols\network</Filter>
    </ClInclude>
    <ClInclude Include="..\efi\protocols\network\tls.h">
      <Filter>protocols\network</Filter>
    </ClInclude>
    <ClInclude Include="..\efi\protocols\network\arp.h">
      <Filter>protocols\network</Filter>
    </ClInclude>
    <ClInclude Include="..\efi\protocols\network\dhcp.h">
      <Filter>protocols\network</Filter>
    </ClInclude>
    <ClInclude Include="..\efi\protocols\network\dns.h">
      <Filter>protocols\network</Filter>
    </ClInclude>
    <ClInclude Include="..\efi\protocols\network\http.h">
      <Filter>protocols\network</Filter>
    </ClInclude>
    <ClInclude Include="..\efi\protocols\network\rest.h">
      <Filter>protocols\network</Filter>
    </ClInclude>
    <ClInclude Include="..\efi\protocols\network\udp.h">
      <Filter>protocols\network</Filter>
    </ClInclude>
    <ClInclude Include="..\efi\protocols\network\mtftp.h">
      <Filter>protocols\network</Filter>
    </ClInclude>
    <ClInclude Include="..\efi\helper.h" />
    <ClInclude Include="..\efi\protocols\misc.h">
      <Filter>protocols</Filter>
    </ClInclude>
    <ClInclude Include="..\efi\protocols\ccmeasurement.h">
      <Filter>protocols</Filter>
    </ClInclude>
    <ClInclude Include="..\efi\protocols\redfish.h">
      <Filter>protocols</Filter>
    </ClInclude>
    <ClInclude Include="..\efi\protocols\user.h">
      <Filter>protocols</Filter>
    </ClInclude>
    <ClInclude Include="..\efi\protocols\hii.h">
      <Filter>protocols</Filter>
    </ClInclude>
    <ClInclude Include="..\efi\protocols\secure.h">
      <Filter>protocols</Filter>
    </ClInclude>
    <ClInclude Include="..\efi\protocols\secure\hash.h">
      <Filter>protocols\secure</Filter>
    </ClInclude>
    <ClInclude Include="..\efi\protocols\secure\kms.h">
      <Filter>protocols\secure</Filter>
    </ClInclude>
    <ClInclude Include="..\efi\protocols\secure\pkcs7.h">
      <Filter>protocols\secure</Filter>
    </ClInclude>
    <ClInclude Include="..\efi\protocols\secure\rng.h">
      <Filter>protocols\secure</Filter>
    </ClInclude>
    <ClInclude Include="..\efi\protocols\secure\smartcard.h">
      <Filter>protocols\secure</Filter>
    </ClInclude>
    <ClInclude Include="..\efi\protocols\secure\memoryprotection.h">
      <Filter>protocols\secure</Filter>
    </ClInclude>
  </ItemGroup>
  <ItemGroup>
    <Filter Include="bootservices">
      <UniqueIdentifier>{3ce7be68-b7d2-4795-a6b9-5119fd41f252}</UniqueIdentifier>
    </Filter>
    <Filter Include="protocols">
      <UniqueIdentifier>{969ac6fd-5587-4780-94e3-72544468d783}</UniqueIdentifier>
    </Filter>
    <Filter Include="protocols\console">
      <UniqueIdentifier>{2d1e510e-941e-4cf2-be2e-d4ab0ffd7fb7}</UniqueIdentifier>
    </Filter>
    <Filter Include="runtimeservices">
      <UniqueIdentifier>{b25674b8-2785-43db-8270-5d76ef9f8dee}</UniqueIdentifier>
    </Filter>
    <Filter Include="protocols\drivermodel">
      <UniqueIdentifier>{c733d5c5-4c20-4e2a-bfd6-fcffd6ec8e3a}</UniqueIdentifier>
    </Filter>
    <Filter Include="protocols\media">
      <UniqueIdentifier>{1872b478-2c1c-49b6-b37c-4b097dfbe761}</UniqueIdentifier>
    </Filter>
    <Filter Include="protocols\network">
      <UniqueIdentifier>{77052f0a-e4b7-419f-b19e-0503fdad46e0}</UniqueIdentifier>
    </Filter>
    <Filter Include="protocols\secure">
      <UniqueIdentifier>{23ffa931-e6d6-4c38-bcd6-6640c7d8af43}</UniqueIdentifier>
    </Filter>
  </ItemGroup>
  <ItemGroup>
    <ClCompile Include="..\template\test.c" />
  </ItemGroup>
  <ItemGroup>
    <None Include="..\README.md" />
  </ItemGroup>
</Project>